<?xml version="1.0" encoding="utf-8"?>
<Project ToolsVersion="4.0" xmlns="http://schemas.microsoft.com/developer/msbuild/2003">
  <ItemGroup>
    <Filter Include="Resource Files">
      <UniqueIdentifier>{67DA6AB6-F800-4c08-8B7A-83BB121AAD01}</UniqueIdentifier>
      <Extensions>rc;ico;cur;bmp;dlg;rc2;rct;bin;rgs;gif;jpg;jpeg;jpe;resx;tiff;tif;png;wav;mfcribbon-ms</Extensions>
    </Filter>
    <Filter Include="CMUGraphicsLib">
      <UniqueIdentifier>{b270f77a-ae90-4739-be74-f6543b0fd219}</UniqueIdentifier>
    </Filter>
    <Filter Include="CMUGraphicsLib\JPEG">
      <UniqueIdentifier>{1ad3911a-04b1-47f3-b64a-9a3d38c2bac7}</UniqueIdentifier>
    </Filter>
    <Filter Include="GUI">
      <UniqueIdentifier>{559142ee-442b-4ced-bf25-ef443ab73559}</UniqueIdentifier>
    </Filter>
    <Filter Include="Restaurant">
      <UniqueIdentifier>{93995380-89BD-4b04-88EB-625FBE52EBFB}</UniqueIdentifier>
      <Extensions>h;hpp;hxx;hm;inl;inc;xsd</Extensions>
    </Filter>
    <Filter Include="Events">
      <UniqueIdentifier>{e829d55f-419f-4527-b027-c1c717868945}</UniqueIdentifier>
    </Filter>
    <Filter Include="Generic_DS">
      <UniqueIdentifier>{f9c05740-74ef-4242-8f5c-c406c492135c}</UniqueIdentifier>
    </Filter>
  </ItemGroup>
  <ItemGroup>
    <ClInclude Include="Defs.h" />
    <ClInclude Include="CMUgraphicsLib\jpeg\jconfig.h">
      <Filter>CMUGraphicsLib\JPEG</Filter>
    </ClInclude>
    <ClInclude Include="CMUgraphicsLib\jpeg\jdct.h">
      <Filter>CMUGraphicsLib\JPEG</Filter>
    </ClInclude>
    <ClInclude Include="CMUgraphicsLib\jpeg\jdhuff.h">
      <Filter>CMUGraphicsLib\JPEG</Filter>
    </ClInclude>
    <ClInclude Include="CMUgraphicsLib\jpeg\jerror.h">
      <Filter>CMUGraphicsLib\JPEG</Filter>
    </ClInclude>
    <ClInclude Include="CMUgraphicsLib\jpeg\jinclude.h">
      <Filter>CMUGraphicsLib\JPEG</Filter>
    </ClInclude>
    <ClInclude Include="CMUgraphicsLib\jpeg\jmemsys.h">
      <Filter>CMUGraphicsLib\JPEG</Filter>
    </ClInclude>
    <ClInclude Include="CMUgraphicsLib\jpeg\jmorecfg.h">
      <Filter>CMUGraphicsLib\JPEG</Filter>
    </ClInclude>
    <ClInclude Include="CMUgraphicsLib\jpeg\jpegint.h">
      <Filter>CMUGraphicsLib\JPEG</Filter>
    </ClInclude>
    <ClInclude Include="CMUgraphicsLib\jpeg\jpeglib.h">
      <Filter>CMUGraphicsLib\JPEG</Filter>
    </ClInclude>
    <ClInclude Include="CMUgraphicsLib\jpeg\jversion.h">
      <Filter>CMUGraphicsLib\JPEG</Filter>
    </ClInclude>
    <ClInclude Include="CMUgraphicsLib\CMUgraphics.h">
      <Filter>CMUGraphicsLib</Filter>
    </ClInclude>
    <ClInclude Include="CMUgraphicsLib\colors.h">
      <Filter>CMUGraphicsLib</Filter>
    </ClInclude>
    <ClInclude Include="CMUgraphicsLib\error.h">
      <Filter>CMUGraphicsLib</Filter>
    </ClInclude>
    <ClInclude Include="CMUgraphicsLib\image.h">
      <Filter>CMUGraphicsLib</Filter>
    </ClInclude>
    <ClInclude Include="CMUgraphicsLib\jpegload.h">
      <Filter>CMUGraphicsLib</Filter>
    </ClInclude>
    <ClInclude Include="CMUgraphicsLib\keyqueue.h">
      <Filter>CMUGraphicsLib</Filter>
    </ClInclude>
    <ClInclude Include="CMUgraphicsLib\mousequeue.h">
      <Filter>CMUGraphicsLib</Filter>
    </ClInclude>
    <ClInclude Include="CMUgraphicsLib\version.h">
      <Filter>CMUGraphicsLib</Filter>
    </ClInclude>
    <ClInclude Include="CMUgraphicsLib\windowinput.h">
      <Filter>CMUGraphicsLib</Filter>
    </ClInclude>
    <ClInclude Include="GUI\GUI.h">
      <Filter>GUI</Filter>
    </ClInclude>
    <ClInclude Include="Rest\Motorcycle.h">
      <Filter>Restaurant</Filter>
    </ClInclude>
    <ClInclude Include="Rest\Order.h">
      <Filter>Restaurant</Filter>
    </ClInclude>
    <ClInclude Include="Rest\Restaurant.h">
      <Filter>Restaurant</Filter>
    </ClInclude>
    <ClInclude Include="Events\Event.h">
      <Filter>Events</Filter>
    </ClInclude>
    <ClInclude Include="Generic_DS\Node.h">
      <Filter>Generic_DS</Filter>
    </ClInclude>
    <ClInclude Include="Generic_DS\Queue.h">
      <Filter>Generic_DS</Filter>
    </ClInclude>
    <ClInclude Include="Events\ArrivalEvent.h">
      <Filter>Events</Filter>
    </ClInclude>
  </ItemGroup>
  <ItemGroup>
    <ClCompile Include="Demo_Main.cpp" />
    <ClCompile Include="CMUgraphicsLib\jpeg\jcomapi.c">
      <Filter>CMUGraphicsLib\JPEG</Filter>
    </ClCompile>
    <ClCompile Include="CMUgraphicsLib\jpeg\jcparam.c">
      <Filter>CMUGraphicsLib\JPEG</Filter>
    </ClCompile>
    <ClCompile Include="CMUgraphicsLib\jpeg\jdapimin.c">
      <Filter>CMUGraphicsLib\JPEG</Filter>
    </ClCompile>
    <ClCompile Include="CMUgraphicsLib\jpeg\jdapistd.c">
      <Filter>CMUGraphicsLib\JPEG</Filter>
    </ClCompile>
    <ClCompile Include="CMUgraphicsLib\jpeg\jdatasrc.c">
      <Filter>CMUGraphicsLib\JPEG</Filter>
    </ClCompile>
    <ClCompile Include="CMUgraphicsLib\jpeg\jdcoefct.c">
      <Filter>CMUGraphicsLib\JPEG</Filter>
    </ClCompile>
    <ClCompile Include="CMUgraphicsLib\jpeg\jdcolor.c">
      <Filter>CMUGraphicsLib\JPEG</Filter>
    </ClCompile>
    <ClCompile Include="CMUgraphicsLib\jpeg\jddctmgr.c">
      <Filter>CMUGraphicsLib\JPEG</Filter>
    </ClCompile>
    <ClCompile Include="CMUgraphicsLib\jpeg\jdhuff.c">
      <Filter>CMUGraphicsLib\JPEG</Filter>
    </ClCompile>
    <ClCompile Include="CMUgraphicsLib\jpeg\jdinput.c">
      <Filter>CMUGraphicsLib\JPEG</Filter>
    </ClCompile>
    <ClCompile Include="CMUgraphicsLib\jpeg\jdmainct.c">
      <Filter>CMUGraphicsLib\JPEG</Filter>
    </ClCompile>
    <ClCompile Include="CMUgraphicsLib\jpeg\jdmarker.c">
      <Filter>CMUGraphicsLib\JPEG</Filter>
    </ClCompile>
    <ClCompile Include="CMUgraphicsLib\jpeg\jdmaster.c">
      <Filter>CMUGraphicsLib\JPEG</Filter>
    </ClCompile>
    <ClCompile Include="CMUgraphicsLib\jpeg\jdmerge.c">
      <Filter>CMUGraphicsLib\JPEG</Filter>
    </ClCompile>
    <ClCompile Include="CMUgraphicsLib\jpeg\jdphuff.c">
      <Filter>CMUGraphicsLib\JPEG</Filter>
    </ClCompile>
    <ClCompile Include="CMUgraphicsLib\jpeg\jdpostct.c">
      <Filter>CMUGraphicsLib\JPEG</Filter>
    </ClCompile>
    <ClCompile Include="CMUgraphicsLib\jpeg\jdsample.c">
      <Filter>CMUGraphicsLib\JPEG</Filter>
    </ClCompile>
    <ClCompile Include="CMUgraphicsLib\jpeg\jdtrans.c">
      <Filter>CMUGraphicsLib\JPEG</Filter>
    </ClCompile>
    <ClCompile Include="CMUgraphicsLib\jpeg\jerror.c">
      <Filter>CMUGraphicsLib\JPEG</Filter>
    </ClCompile>
    <ClCompile Include="CMUgraphicsLib\jpeg\jidctflt.c">
      <Filter>CMUGraphicsLib\JPEG</Filter>
    </ClCompile>
    <ClCompile Include="CMUgraphicsLib\jpeg\jidctfst.c">
      <Filter>CMUGraphicsLib\JPEG</Filter>
    </ClCompile>
    <ClCompile Include="CMUgraphicsLib\jpeg\jidctint.c">
      <Filter>CMUGraphicsLib\JPEG</Filter>
    </ClCompile>
    <ClCompile Include="CMUgraphicsLib\jpeg\jidctred.c">
      <Filter>CMUGraphicsLib\JPEG</Filter>
    </ClCompile>
    <ClCompile Include="CMUgraphicsLib\jpeg\jmemmgr.c">
      <Filter>CMUGraphicsLib\JPEG</Filter>
    </ClCompile>
    <ClCompile Include="CMUgraphicsLib\jpeg\jmemnobs.c">
      <Filter>CMUGraphicsLib\JPEG</Filter>
    </ClCompile>
    <ClCompile Include="CMUgraphicsLib\jpeg\jquant1.c">
      <Filter>CMUGraphicsLib\JPEG</Filter>
    </ClCompile>
    <ClCompile Include="CMUgraphicsLib\jpeg\jquant2.c">
      <Filter>CMUGraphicsLib\JPEG</Filter>
    </ClCompile>
    <ClCompile Include="CMUgraphicsLib\jpeg\jutils.c">
      <Filter>CMUGraphicsLib\JPEG</Filter>
    </ClCompile>
    <ClCompile Include="CMUgraphicsLib\CMUgraphics.cpp">
      <Filter>CMUGraphicsLib</Filter>
    </ClCompile>
    <ClCompile Include="CMUgraphicsLib\colors.cpp">
      <Filter>CMUGraphicsLib</Filter>
    </ClCompile>
    <ClCompile Include="CMUgraphicsLib\image.cpp">
      <Filter>CMUGraphicsLib</Filter>
    </ClCompile>
    <ClCompile Include="CMUgraphicsLib\jpegload.c">
      <Filter>CMUGraphicsLib</Filter>
    </ClCompile>
    <ClCompile Include="CMUgraphicsLib\keyqueue.cpp">
      <Filter>CMUGraphicsLib</Filter>
    </ClCompile>
    <ClCompile Include="CMUgraphicsLib\mousequeue.cpp">
      <Filter>CMUGraphicsLib</Filter>
    </ClCompile>
    <ClCompile Include="CMUgraphicsLib\windowinput.cpp">
      <Filter>CMUGraphicsLib</Filter>
    </ClCompile>
    <ClCompile Include="GUI\GUI.cpp">
      <Filter>GUI</Filter>
    </ClCompile>
    <ClCompile Include="Rest\Motorcycle.cpp">
      <Filter>Restaurant</Filter>
    </ClCompile>
    <ClCompile Include="Rest\Order.cpp">
      <Filter>Restaurant</Filter>
    </ClCompile>
    <ClCompile Include="Rest\Restaurant.cpp">
      <Filter>Restaurant</Filter>
    </ClCompile>
    <ClCompile Include="Events\Event.cpp">
      <Filter>Events</Filter>
    </ClCompile>
    <ClCompile Include="Events\ArrivalEvent.cpp">
      <Filter>Events</Filter>
    </ClCompile>
  </ItemGroup>
  <ItemGroup>
    <Text Include="CMUgraphicsLib\Manual.txt">
      <Filter>CMUGraphicsLib</Filter>
    </Text>
    <Text Include="CMUgraphicsLib\Readme.txt">
      <Filter>CMUGraphicsLib</Filter>
    </Text>
  </ItemGroup>
</Project>